{
  "nodes": {
    "basic-cli-src": {
      "flake": false,
      "locked": {
        "lastModified": 1790218076,
        "narHash": "sha256-oUyMyAJYNGw13Bugz6AZuf8NvLE5qsuVD5/Gj8TtMdk=",
        "owner": "roc-lang",
        "repo": "basic-cli",
        "rev": "473caa2cc4f3fe9ce4e4682158bb80ebc2e19169",
        "type": "github"
      },
      "original": {
        "owner": "roc-lang",
        "repo": "basic-cli",
        "rev": "473caa2cc4f3fe9ce4e4682158bb80ebc2e19169",
        "type": "github"
      }
    },
    "nixpkgs": {
      "locked": {
        "lastModified": 1784497964,
        "narHash": "sha256-vlHUuqAcbcH2RKmHbPiuQzbv1pnzzavXnI62RD0bqCU=",
        "owner": "NixOS",
        "repo": "nixpkgs",
        "rev": "241313f4e8e508cb9b13278c2b0fa25b9ca27163",
        "type": "github"
      },
      "original": {
        "owner": "NixOS",
        "ref": "nixos-unstable",
        "repo": "nixpkgs",
        "type": "github"
      }
    },
    "nixpkgs-darwin": {
      "locked": {
        "lastModified": 1787940818,
        "narHash": "sha256-vFzVv78WlyEbTyV5BbrnicnV159wC0YPOcBe3QagyBI=",
        "owner": "NixOS",
        "repo": "nixpkgs",
        "rev": "f6107e546a5012172d93e79f1f7950da02ad798f",
        "type": "github"
      },
      "original": {
        "owner": "NixOS",
        "ref": "nixpkgs-26.05-darwin",
        "repo": "nixpkgs",
        "type": "github"
      }
    },
    "roc-overlay": {
      "inputs": {
        "nixpkgs": [
          "nixpkgs"
        ],
        "nixpkgs-darwin": "nixpkgs-darwin"
      },
      "locked": {
        "lastModified": 1790217927,
        "narHash": "sha256-fhatlsqelliHOfoT723TYQb8DzxSn698DpobgiARHIM=",
        "owner": "roc-lang",
        "repo": "roc-overlay",
        "rev": "06198bdac7c2a171c93d0a6f0ddeea562867ee1e",
        "type": "github"
      },
      "original": {
        "owner": "roc-lang",
        "repo": "roc-overlay",
        "rev": "06198bdac7c2a171c93d0a6f0ddeea562867ee1e",
        "type": "github"
      }
    },
    "root": {
      "inputs": {
        "basic-cli-src": "basic-cli-src",
        "nixpkgs": "nixpkgs",
        "roc-overlay": "roc-overlay",
        "rust-overlay": "rust-overlay"
      }
    },
    "rust-overlay": {
      "inputs": {
        "nixpkgs": [
          "nixpkgs"
        ]
      },
      "locked": {
        "lastModified": 1790149037,
        "narHash": "sha256-01WcSplVEmQt13QUZLfWez27JO+2lyYWX+yTitvkF3g=",
        "owner": "oxalica",
        "repo": "rust-overlay",
        "rev": "fb058ecf6d14837ea152a3d5225ce7f88ee5cde1",
        "type": "github"
      },
      "original": {
        "owner": "oxalica",
        "repo": "rust-overlay",
        "rev": "fb058ecf6d14837ea152a3d5225ce7f88ee5cde1",
        "type": "github"
      }
    }
  },
  "root": "root",
  "version": 7
}
